
Microsoft Visual Studio Solution File, Format Version 12.00
# Visual Studio Version 16
VisualStudioVersion = 16.0.29009.5
MinimumVisualStudioVersion = 15.0.26124.0
Project("{2150E333-8FDC-42A3-9474-1A3956D46DE8}") = "src", "src", "{CBEBBCC7-E30C-4ECE-8514-0D0E87374430}"
EndProject
Project("{9A19103F-16F7-4668-BE54-9A1E7A4F7556}") = "IdentityServer", "src\IdentityServer\IdentityServer.csproj", "{93541B15-568E-42EA-B234-2061C3BD0979}"
EndProject
Project("{9A19103F-16F7-4668-BE54-9A1E7A4F7556}") = "Api", "src\Api\Api.csproj", "{D734681E-09F6-46E2-A960-EDE65E62B844}"
EndProject
Project("{9A19103F-16F7-4668-BE54-9A1E7A4F7556}") = "Client", "src\Client\Client.csproj", "{F3809E53-FFD7-4BE1-83AA-FB50CC3F27A7}"
EndProject
Project("{9A19103F-16F7-4668-BE54-9A1E7A4F7556}") = "ClientPassword", "src\ClientPassword\ClientPassword.csproj", "{B1410EBC-AD0D-4EE0-A06F-CB57B961CF81}"
EndProject
Project("{9A19103F-16F7-4668-BE54-9A1E7A4F7556}") = "Mvc", "Mvc\Mvc.csproj", "{8CB44A8B-BDE1-4DEA-85E1-7B92CD4D2EAC}"
EndProject
Project("{FAE04EC0-301F-11D3-BF4B-00C04F79EFBC}") = "IdentityServerAspNetIdentity", "src\IdentityServerAspNetIdentity\IdentityServerAspNetIdentity.csproj", "{8DD9E831-8FC6-4F3A-A071-A76C94C5A055}"
EndProject
Global
	GlobalSection(SolutionConfigurationPlatforms) = preSolution
		Debug|Any CPU = Debug|Any CPU
		Debug|x64 = Debug|x64
		Debug|x86 = Debug|x86
		Release|Any CPU = Release|Any CPU
		Release|x64 = Release|x64
		Release|x86 = Release|x86
	EndGlobalSection
	GlobalSection(ProjectConfigurationPlatforms) = postSolution
		{93541B15-568E-42EA-B234-2061C3BD0979}.Debug|Any CPU.ActiveCfg = Debug|Any CPU
		{93541B15-568E-42EA-B234-2061C3BD0979}.Debug|Any CPU.Build.0 = Debug|Any CPU
		{93541B15-568E-42EA-B234-2061C3BD0979}.Debug|x64.ActiveCfg = Debug|Any CPU
		{93541B15-568E-42EA-B234-2061C3BD0979}.Debug|x64.Build.0 = Debug|Any CPU
		{93541B15-568E-42EA-B234-2061C3BD0979}.Debug|x86.ActiveCfg = Debug|Any CPU
		{93541B15-568E-42EA-B234-2061C3BD0979}.Debug|x86.Build.0 = Debug|Any CPU
		{93541B15-568E-42EA-B234-2061C3BD0979}.Release|Any CPU.ActiveCfg = Release|Any CPU
		{93541B15-568E-42EA-B234-2061C3BD0979}.Release|Any CPU.Build.0 = Release|Any CPU
		{93541B15-568E-42EA-B234-2061C3BD0979}.Release|x64.ActiveCfg = Release|Any CPU
		{93541B15-568E-42EA-B234-2061C3BD0979}.Release|x64.Build.0 = Release|Any CPU
		{93541B15-568E-42EA-B234-2061C3BD0979}.Release|x86.ActiveCfg = Release|Any CPU
		{93541B15-568E-42EA-B234-2061C3BD0979}.Release|x86.Build.0 = Release|Any CPU
		{D734681E-09F6-46E2-A960-EDE65E62B844}.Debug|Any CPU.ActiveCfg = Debug|Any CPU
		{D734681E-09F6-46E2-A960-EDE65E62B844}.Debug|Any CPU.Build.0 = Debug|Any CPU
		{D734681E-09F6-46E2-A960-EDE65E62B844}.Debug|x64.ActiveCfg = Debug|Any CPU
		{D734681E-09F6-46E2-A960-EDE65E62B844}.Debug|x64.Build.0 = Debug|Any CPU
		{D734681E-09F6-46E2-A960-EDE65E62B844}.Debug|x86.ActiveCfg = Debug|Any CPU
		{D734681E-09F6-46E2-A960-EDE65E62B844}.Debug|x86.Build.0 = Debug|Any CPU
		{D734681E-09F6-46E2-A960-EDE65E62B844}.Release|Any CPU.ActiveCfg = Release|Any CPU
		{D734681E-09F6-46E2-A960-EDE65E62B844}.Release|Any CPU.Build.0 = Release|Any CPU
		{D734681E-09F6-46E2-A960-EDE65E62B844}.Release|x64.ActiveCfg = Release|Any CPU
		{D734681E-09F6-46E2-A960-EDE65E62B844}.Release|x64.Build.0 = Release|Any CPU
		{D734681E-09F6-46E2-A960-EDE65E62B844}.Release|x86.ActiveCfg = Release|Any CPU
		{D734681E-09F6-46E2-A960-EDE65E62B844}.Release|x86.Build.0 = Release|Any CPU
		{F3809E53-FFD7-4BE1-83AA-FB50CC3F27A7}.Debug|Any CPU.ActiveCfg = Debug|Any CPU
		{F3809E53-FFD7-4BE1-83AA-FB50CC3F27A7}.Debug|Any CPU.Build.0 = Debug|Any CPU
		{F3809E53-FFD7-4BE1-83AA-FB50CC3F27A7}.Debug|x64.ActiveCfg = Debug|Any CPU
		{F3809E53-FFD7-4BE1-83AA-FB50CC3F27A7}.Debug|x64.Build.0 = Debug|Any CPU
		{F3809E53-FFD7-4BE1-83AA-FB50CC3F27A7}.Debug|x86.ActiveCfg = Debug|Any CPU
		{F3809E53-FFD7-4BE1-83AA-FB50CC3F27A7}.Debug|x86.Build.0 = Debug|Any CPU
		{F3809E53-FFD7-4BE1-83AA-FB50CC3F27A7}.Release|Any CPU.ActiveCfg = Release|Any CPU
		{F3809E53-FFD7-4BE1-83AA-FB50CC3F27A7}.Release|Any CPU.Build.0 = Release|Any CPU
		{F3809E53-FFD7-4BE1-83AA-FB50CC3F27A7}.Release|x64.ActiveCfg = Release|Any CPU
		{F3809E53-FFD7-4BE1-83AA-FB50CC3F27A7}.Release|x64.Build.0 = Release|Any CPU
		{F3809E53-FFD7-4BE1-83AA-FB50CC3F27A7}.Release|x86.ActiveCfg = Release|Any CPU
		{F3809E53-FFD7-4BE1-83AA-FB50CC3F27A7}.Release|x86.Build.0 = Release|Any CPU
		{B1410EBC-AD0D-4EE0-A06F-CB57B961CF81}.Debug|Any CPU.ActiveCfg = Debug|Any CPU
		{B1410EBC-AD0D-4EE0-A06F-CB57B961CF81}.Debug|Any CPU.Build.0 = Debug|Any CPU
		{B1410EBC-AD0D-4EE0-A06F-CB57B961CF81}.Debug|x64.ActiveCfg = Debug|Any CPU
		{B1410EBC-AD0D-4EE0-A06F-CB57B961CF81}.Debug|x64.Build.0 = Debug|Any CPU
		{B1410EBC-AD0D-4EE0-A06F-CB57B961CF81}.Debug|x86.ActiveCfg = Debug|Any CPU
		{B1410EBC-AD0D-4EE0-A06F-CB57B961CF81}.Debug|x86.Build.0 = Debug|Any CPU
		{B1410EBC-AD0D-4EE0-A06F-CB57B961CF81}.Release|Any CPU.ActiveCfg = Release|Any CPU
		{B1410EBC-AD0D-4EE0-A06F-CB57B961CF81}.Release|Any CPU.Build.0 = Release|Any CPU
		{B1410EBC-AD0D-4EE0-A06F-CB57B961CF81}.Release|x64.ActiveCfg = Release|Any CPU
		{B1410EBC-AD0D-4EE0-A06F-CB57B961CF81}.Release|x64.Build.0 = Release|Any CPU
		{B1410EBC-AD0D-4EE0-A06F-CB57B961CF81}.Release|x86.ActiveCfg = Release|Any CPU
		{B1410EBC-AD0D-4EE0-A06F-CB57B961CF81}.Release|x86.Build.0 = Release|Any CPU
		{8CB44A8B-BDE1-4DEA-85E1-7B92CD4D2EAC}.Debug|Any CPU.ActiveCfg = Debug|Any CPU
		{8CB44A8B-BDE1-4DEA-85E1-7B92CD4D2EAC}.Debug|Any CPU.Build.0 = Debug|Any CPU
		{8CB44A8B-BDE1-4DEA-85E1-7B92CD4D2EAC}.Debug|x64.ActiveCfg = Debug|Any CPU
		{8CB44A8B-BDE1-4DEA-85E1-7B92CD4D2EAC}.Debug|x64.Build.0 = Debug|Any CPU
		{8CB44A8B-BDE1-4DEA-85E1-7B92CD4D2EAC}.Debug|x86.ActiveCfg = Debug|Any CPU
		{8CB44A8B-BDE1-4DEA-85E1-7B92CD4D2EAC}.Debug|x86.Build.0 = Debug|Any CPU
		{8CB44A8B-BDE1-4DEA-85E1-7B92CD4D2EAC}.Release|Any CPU.ActiveCfg = Release|Any CPU
		{8CB44A8B-BDE1-4DEA-85E1-7B92CD4D2EAC}.Release|Any CPU.Build.0 = Release|Any CPU
		{8CB44A8B-BDE1-4DEA-85E1-7B92CD4D2EAC}.Release|x64.ActiveCfg = Release|Any CPU
		{8CB44A8B-BDE1-4DEA-85E1-7B92CD4D2EAC}.Release|x64.Build.0 = Release|Any CPU
		{8CB44A8B-BDE1-4DEA-85E1-7B92CD4D2EAC}.Release|x86.ActiveCfg = Release|Any CPU
		{8CB44A8B-BDE1-4DEA-85E1-7B92CD4D2EAC}.Release|x86.Build.0 = Release|Any CPU
		{8DD9E831-8FC6-4F3A-A071-A76C94C5A055}.Debug|Any CPU.ActiveCfg = Debug|Any CPU
		{8DD9E831-8FC6-4F3A-A071-A76C94C5A055}.Debug|Any CPU.Build.0 = Debug|Any CPU
		{8DD9E831-8FC6-4F3A-A071-A76C94C5A055}.Debug|x64.ActiveCfg = Debug|Any CPU
		{8DD9E831-8FC6-4F3A-A071-A76C94C5A055}.Debug|x64.Build.0 = Debug|Any CPU
		{8DD9E831-8FC6-4F3A-A071-A76C94C5A055}.Debug|x86.ActiveCfg = Debug|Any CPU
		{8DD9E831-8FC6-4F3A-A071-A76C94C5A055}.Debug|x86.Build.0 = Debug|Any CPU
		{8DD9E831-8FC6-4F3A-A071-A76C94C5A055}.Release|Any CPU.ActiveCfg = Release|Any CPU
		{8DD9E831-8FC6-4F3A-A071-A76C94C5A055}.Release|Any CPU.Build.0 = Release|Any CPU
		{8DD9E831-8FC6-4F3A-A071-A76C94C5A055}.Release|x64.ActiveCfg = Release|Any CPU
		{8DD9E831-8FC6-4F3A-A071-A76C94C5A055}.Release|x64.Build.0 = Release|Any CPU
		{8DD9E831-8FC6-4F3A-A071-A76C94C5A055}.Release|x86.ActiveCfg = Release|Any CPU
		{8DD9E831-8FC6-4F3A-A071-A76C94C5A055}.Release|x86.Build.0 = Release|Any CPU
	EndGlobalSection
	GlobalSection(SolutionProperties) = preSolution
		HideSolutionNode = FALSE
	EndGlobalSection
	GlobalSection(NestedProjects) = preSolution
		{93541B15-568E-42EA-B234-2061C3BD0979} = {CBEBBCC7-E30C-4ECE-8514-0D0E87374430}
		{D734681E-09F6-46E2-A960-EDE65E62B844} = {CBEBBCC7-E30C-4ECE-8514-0D0E87374430}
		{F3809E53-FFD7-4BE1-83AA-FB50CC3F27A7} = {CBEBBCC7-E30C-4ECE-8514-0D0E87374430}
		{B1410EBC-AD0D-4EE0-A06F-CB57B961CF81} = {CBEBBCC7-E30C-4ECE-8514-0D0E87374430}
		{8CB44A8B-BDE1-4DEA-85E1-7B92CD4D2EAC} = {CBEBBCC7-E30C-4ECE-8514-0D0E87374430}
		{8DD9E831-8FC6-4F3A-A071-A76C94C5A055} = {CBEBBCC7-E30C-4ECE-8514-0D0E87374430}
	EndGlobalSection
	GlobalSection(ExtensibilityGlobals) = postSolution
		SolutionGuid = {0CAD58C2-C89E-4D15-AB47-DCE6EEA828A4}
	EndGlobalSection
EndGlobal
